{
  "object": {
    "pins": [
      {
        "package": "SwiftPackageWordLookup",
        "repositoryURL": "https://github.com/San1986/SwiftPackageWordLookup.git",
        "state": {
          "branch": null,
          "revision": "45a888328d0310f1ce56a6c02a52b842d683e591",
          "version": "1.0.5"
        }
      }
    ]
  },
  "version": 1
}
